
Microsoft Visual Studio Solution File, Format Version 12.00
# Visual Studio 15
VisualStudioVersion = 15.0.27004.2009
MinimumVisualStudioVersion = 10.0.40219.1
Project("{9A19103F-16F7-4668-BE54-9A1E7A4F7556}") = "Microsoft.Azure.NotificationHubs", "src\Microsoft.Azure.NotificationHubs\Microsoft.Azure.NotificationHubs.csproj", "{9E6F70D4-7861-450F-BF5F-DE3AC867001E}"
EndProject
Project("{9A19103F-16F7-4668-BE54-9A1E7A4F7556}") = "Microsoft.Azure.NotificationHubs.DotNetCore.Tests", "src\Microsoft.Azure.NotificationHubs.DotNetCore.Tests\Microsoft.Azure.NotificationHubs.DotNetCore.Tests.csproj", "{96F5E673-D430-4B3D-A0CB-171382171037}"
EndProject
Project("{9A19103F-16F7-4668-BE54-9A1E7A4F7556}") = "Microsoft.Azure.NotificationHubs.DotNetFramework.Tests", "src\Microsoft.Azure.NotificationHubs.DotNetFramework.Tests\Microsoft.Azure.NotificationHubs.DotNetFramework.Tests.csproj", "{C957B9F0-A084-49E1-9AAE-2B0217235C14}"
EndProject
Global
	GlobalSection(SolutionConfigurationPlatforms) = preSolution
		Debug|Any CPU = Debug|Any CPU
		Release|Any CPU = Release|Any CPU
	EndGlobalSection
	GlobalSection(ProjectConfigurationPlatforms) = postSolution
		{9E6F70D4-7861-450F-BF5F-DE3AC867001E}.Debug|Any CPU.ActiveCfg = Debug|Any CPU
		{9E6F70D4-7861-450F-BF5F-DE3AC867001E}.Debug|Any CPU.Build.0 = Debug|Any CPU
		{9E6F70D4-7861-450F-BF5F-DE3AC867001E}.Release|Any CPU.ActiveCfg = Release|Any CPU
		{9E6F70D4-7861-450F-BF5F-DE3AC867001E}.Release|Any CPU.Build.0 = Release|Any CPU
		{96F5E673-D430-4B3D-A0CB-171382171037}.Debug|Any CPU.ActiveCfg = Debug|Any CPU
		{96F5E673-D430-4B3D-A0CB-171382171037}.Debug|Any CPU.Build.0 = Debug|Any CPU
		{96F5E673-D430-4B3D-A0CB-171382171037}.Release|Any CPU.ActiveCfg = Release|Any CPU
		{96F5E673-D430-4B3D-A0CB-171382171037}.Release|Any CPU.Build.0 = Release|Any CPU
		{C957B9F0-A084-49E1-9AAE-2B0217235C14}.Debug|Any CPU.ActiveCfg = Debug|Any CPU
		{C957B9F0-A084-49E1-9AAE-2B0217235C14}.Debug|Any CPU.Build.0 = Debug|Any CPU
		{C957B9F0-A084-49E1-9AAE-2B0217235C14}.Release|Any CPU.ActiveCfg = Release|Any CPU
		{C957B9F0-A084-49E1-9AAE-2B0217235C14}.Release|Any CPU.Build.0 = Release|Any CPU
	EndGlobalSection
	GlobalSection(SolutionProperties) = preSolution
		HideSolutionNode = FALSE
	EndGlobalSection
	GlobalSection(ExtensibilityGlobals) = postSolution
		SolutionGuid = {BB70B0D5-3A14-4B52-9B38-81AFF4CE3965}
	EndGlobalSection
EndGlobal
