
Microsoft Visual Studio Solution File, Format Version 12.00
# Visual Studio 15
VisualStudioVersion = 15.0.27004.2009
MinimumVisualStudioVersion = 10.0.40219.1
Project("{9A19103F-16F7-4668-BE54-9A1E7A4F7556}") = "Microsoft.Azure.NotificationHubs", "src\Microsoft.Azure.NotificationHubs\Microsoft.Azure.NotificationHubs.csproj", "{9E6F70D4-7861-450F-BF5F-DE3AC867001E}"
EndProject
Project("{FAE04EC0-301F-11D3-BF4B-00C04F79EFBC}") = "Microsoft.Azure.NotificationHubs.Tests", "src\Microsoft.Azure.NotificationHubs.Tests\Microsoft.Azure.NotificationHubs.Tests.csproj", "{5F3E8BC6-654D-4557-BE6A-962AEE50E062}"
EndProject
Global
	GlobalSection(SolutionConfigurationPlatforms) = preSolution
		Debug|Any CPU = Debug|Any CPU
		Release|Any CPU = Release|Any CPU
	EndGlobalSection
	GlobalSection(ProjectConfigurationPlatforms) = postSolution
		{9E6F70D4-7861-450F-BF5F-DE3AC867001E}.Debug|Any CPU.ActiveCfg = Debug|Any CPU
		{9E6F70D4-7861-450F-BF5F-DE3AC867001E}.Debug|Any CPU.Build.0 = Debug|Any CPU
		{9E6F70D4-7861-450F-BF5F-DE3AC867001E}.Release|Any CPU.ActiveCfg = Release|Any CPU
		{9E6F70D4-7861-450F-BF5F-DE3AC867001E}.Release|Any CPU.Build.0 = Release|Any CPU
		{5F3E8BC6-654D-4557-BE6A-962AEE50E062}.Debug|Any CPU.ActiveCfg = Debug|Any CPU
		{5F3E8BC6-654D-4557-BE6A-962AEE50E062}.Debug|Any CPU.Build.0 = Debug|Any CPU
		{5F3E8BC6-654D-4557-BE6A-962AEE50E062}.Release|Any CPU.ActiveCfg = Release|Any CPU
		{5F3E8BC6-654D-4557-BE6A-962AEE50E062}.Release|Any CPU.Build.0 = Release|Any CPU
	EndGlobalSection
	GlobalSection(SolutionProperties) = preSolution
		HideSolutionNode = FALSE
	EndGlobalSection
	GlobalSection(ExtensibilityGlobals) = postSolution
		SolutionGuid = {BB70B0D5-3A14-4B52-9B38-81AFF4CE3965}
	EndGlobalSection
EndGlobal
