
Microsoft Visual Studio Solution File, Format Version 12.00
# Visual Studio 15
VisualStudioVersion = 15.0.28307.168
MinimumVisualStudioVersion = 10.0.40219.1
Project("{9A19103F-16F7-4668-BE54-9A1E7A4F7556}") = "CreateHubSample", "CreateHubSample\CreateHubSample.csproj", "{80D67BE7-7C23-4452-9EB2-E6E6428D4A4E}"
EndProject
Global
	GlobalSection(SolutionConfigurationPlatforms) = preSolution
		Debug|Any CPU = Debug|Any CPU
		Release|Any CPU = Release|Any CPU
	EndGlobalSection
	GlobalSection(ProjectConfigurationPlatforms) = postSolution
		{80D67BE7-7C23-4452-9EB2-E6E6428D4A4E}.Debug|Any CPU.ActiveCfg = Debug|Any CPU
		{80D67BE7-7C23-4452-9EB2-E6E6428D4A4E}.Debug|Any CPU.Build.0 = Debug|Any CPU
		{80D67BE7-7C23-4452-9EB2-E6E6428D4A4E}.Release|Any CPU.ActiveCfg = Release|Any CPU
		{80D67BE7-7C23-4452-9EB2-E6E6428D4A4E}.Release|Any CPU.Build.0 = Release|Any CPU
	EndGlobalSection
	GlobalSection(SolutionProperties) = preSolution
		HideSolutionNode = FALSE
	EndGlobalSection
	GlobalSection(ExtensibilityGlobals) = postSolution
		SolutionGuid = {BCF5BEC5-61D3-4BB9-8156-12F219AF7E99}
	EndGlobalSection
EndGlobal
