
Microsoft Visual Studio Solution File, Format Version 12.00
# Visual Studio 15
VisualStudioVersion = 15.0.28307.168
MinimumVisualStudioVersion = 10.0.40219.1
Project("{9A19103F-16F7-4668-BE54-9A1E7A4F7556}") = "SendPushSample", "SendPushSample.csproj", "{8EBF7A2E-2D47-46E6-B45E-3426BA8A5DC5}"
EndProject
Global
	GlobalSection(SolutionConfigurationPlatforms) = preSolution
		Debug|Any CPU = Debug|Any CPU
		Release|Any CPU = Release|Any CPU
	EndGlobalSection
	GlobalSection(ProjectConfigurationPlatforms) = postSolution
		{8EBF7A2E-2D47-46E6-B45E-3426BA8A5DC5}.Debug|Any CPU.ActiveCfg = Debug|Any CPU
		{8EBF7A2E-2D47-46E6-B45E-3426BA8A5DC5}.Debug|Any CPU.Build.0 = Debug|Any CPU
		{8EBF7A2E-2D47-46E6-B45E-3426BA8A5DC5}.Release|Any CPU.ActiveCfg = Release|Any CPU
		{8EBF7A2E-2D47-46E6-B45E-3426BA8A5DC5}.Release|Any CPU.Build.0 = Release|Any CPU
	EndGlobalSection
	GlobalSection(SolutionProperties) = preSolution
		HideSolutionNode = FALSE
	EndGlobalSection
	GlobalSection(ExtensibilityGlobals) = postSolution
		SolutionGuid = {96DD7FC3-830C-45D9-AE64-2059E467D4A5}
	EndGlobalSection
EndGlobal
