
Microsoft Visual Studio Solution File, Format Version 12.00
# Visual Studio 15
VisualStudioVersion = 15.0.28010.2036
MinimumVisualStudioVersion = 10.0.40219.1
Project("{9A19103F-16F7-4668-BE54-9A1E7A4F7556}") = "CreateHubSample", "CreateHubSample\CreateHubSample.csproj", "{EFC91839-B48B-4EE0-8634-ADEFC81C4220}"
EndProject
Project("{9A19103F-16F7-4668-BE54-9A1E7A4F7556}") = "SendPushSample", "SendPushSample\SendPushSample.csproj", "{C26ED9A6-BAE5-47F3-B71B-BF226A3E14A7}"
EndProject
Project("{9A19103F-16F7-4668-BE54-9A1E7A4F7556}") = "ParseFeedbackSample", "ParseFeedbackSample\ParseFeedbackSample.csproj", "{247F82AF-161E-4B1F-AC7D-EA11B2C3500D}"
EndProject
Project("{9A19103F-16F7-4668-BE54-9A1E7A4F7556}") = "RegistrationSample", "RegistrationSample\RegistrationSample.csproj", "{969BB247-0779-4333-AC10-F69FCAB3EF26}"
EndProject
Project("{FAE04EC0-301F-11D3-BF4B-00C04F79EFBC}") = "UwpSample", "UwpSample\UwpSample.csproj", "{BC1DFBC4-DC63-42D4-8EC9-9809CE215AC7}"
EndProject
Global
	GlobalSection(SolutionConfigurationPlatforms) = preSolution
		Debug|Any CPU = Debug|Any CPU
		Debug|ARM = Debug|ARM
		Debug|x64 = Debug|x64
		Debug|x86 = Debug|x86
		Release|Any CPU = Release|Any CPU
		Release|ARM = Release|ARM
		Release|x64 = Release|x64
		Release|x86 = Release|x86
	EndGlobalSection
	GlobalSection(ProjectConfigurationPlatforms) = postSolution
		{EFC91839-B48B-4EE0-8634-ADEFC81C4220}.Debug|Any CPU.ActiveCfg = Debug|Any CPU
		{EFC91839-B48B-4EE0-8634-ADEFC81C4220}.Debug|Any CPU.Build.0 = Debug|Any CPU
		{EFC91839-B48B-4EE0-8634-ADEFC81C4220}.Debug|ARM.ActiveCfg = Debug|Any CPU
		{EFC91839-B48B-4EE0-8634-ADEFC81C4220}.Debug|ARM.Build.0 = Debug|Any CPU
		{EFC91839-B48B-4EE0-8634-ADEFC81C4220}.Debug|x64.ActiveCfg = Debug|Any CPU
		{EFC91839-B48B-4EE0-8634-ADEFC81C4220}.Debug|x64.Build.0 = Debug|Any CPU
		{EFC91839-B48B-4EE0-8634-ADEFC81C4220}.Debug|x86.ActiveCfg = Debug|Any CPU
		{EFC91839-B48B-4EE0-8634-ADEFC81C4220}.Debug|x86.Build.0 = Debug|Any CPU
		{EFC91839-B48B-4EE0-8634-ADEFC81C4220}.Release|Any CPU.ActiveCfg = Release|Any CPU
		{EFC91839-B48B-4EE0-8634-ADEFC81C4220}.Release|Any CPU.Build.0 = Release|Any CPU
		{EFC91839-B48B-4EE0-8634-ADEFC81C4220}.Release|ARM.ActiveCfg = Release|Any CPU
		{EFC91839-B48B-4EE0-8634-ADEFC81C4220}.Release|ARM.Build.0 = Release|Any CPU
		{EFC91839-B48B-4EE0-8634-ADEFC81C4220}.Release|x64.ActiveCfg = Release|Any CPU
		{EFC91839-B48B-4EE0-8634-ADEFC81C4220}.Release|x64.Build.0 = Release|Any CPU
		{EFC91839-B48B-4EE0-8634-ADEFC81C4220}.Release|x86.ActiveCfg = Release|Any CPU
		{EFC91839-B48B-4EE0-8634-ADEFC81C4220}.Release|x86.Build.0 = Release|Any CPU
		{C26ED9A6-BAE5-47F3-B71B-BF226A3E14A7}.Debug|Any CPU.ActiveCfg = Debug|Any CPU
		{C26ED9A6-BAE5-47F3-B71B-BF226A3E14A7}.Debug|Any CPU.Build.0 = Debug|Any CPU
		{C26ED9A6-BAE5-47F3-B71B-BF226A3E14A7}.Debug|ARM.ActiveCfg = Debug|Any CPU
		{C26ED9A6-BAE5-47F3-B71B-BF226A3E14A7}.Debug|ARM.Build.0 = Debug|Any CPU
		{C26ED9A6-BAE5-47F3-B71B-BF226A3E14A7}.Debug|x64.ActiveCfg = Debug|Any CPU
		{C26ED9A6-BAE5-47F3-B71B-BF226A3E14A7}.Debug|x64.Build.0 = Debug|Any CPU
		{C26ED9A6-BAE5-47F3-B71B-BF226A3E14A7}.Debug|x86.ActiveCfg = Debug|Any CPU
		{C26ED9A6-BAE5-47F3-B71B-BF226A3E14A7}.Debug|x86.Build.0 = Debug|Any CPU
		{C26ED9A6-BAE5-47F3-B71B-BF226A3E14A7}.Release|Any CPU.ActiveCfg = Release|Any CPU
		{C26ED9A6-BAE5-47F3-B71B-BF226A3E14A7}.Release|Any CPU.Build.0 = Release|Any CPU
		{C26ED9A6-BAE5-47F3-B71B-BF226A3E14A7}.Release|ARM.ActiveCfg = Release|Any CPU
		{C26ED9A6-BAE5-47F3-B71B-BF226A3E14A7}.Release|ARM.Build.0 = Release|Any CPU
		{C26ED9A6-BAE5-47F3-B71B-BF226A3E14A7}.Release|x64.ActiveCfg = Release|Any CPU
		{C26ED9A6-BAE5-47F3-B71B-BF226A3E14A7}.Release|x64.Build.0 = Release|Any CPU
		{C26ED9A6-BAE5-47F3-B71B-BF226A3E14A7}.Release|x86.ActiveCfg = Release|Any CPU
		{C26ED9A6-BAE5-47F3-B71B-BF226A3E14A7}.Release|x86.Build.0 = Release|Any CPU
		{247F82AF-161E-4B1F-AC7D-EA11B2C3500D}.Debug|Any CPU.ActiveCfg = Debug|Any CPU
		{247F82AF-161E-4B1F-AC7D-EA11B2C3500D}.Debug|Any CPU.Build.0 = Debug|Any CPU
		{247F82AF-161E-4B1F-AC7D-EA11B2C3500D}.Debug|ARM.ActiveCfg = Debug|Any CPU
		{247F82AF-161E-4B1F-AC7D-EA11B2C3500D}.Debug|ARM.Build.0 = Debug|Any CPU
		{247F82AF-161E-4B1F-AC7D-EA11B2C3500D}.Debug|x64.ActiveCfg = Debug|Any CPU
		{247F82AF-161E-4B1F-AC7D-EA11B2C3500D}.Debug|x64.Build.0 = Debug|Any CPU
		{247F82AF-161E-4B1F-AC7D-EA11B2C3500D}.Debug|x86.ActiveCfg = Debug|Any CPU
		{247F82AF-161E-4B1F-AC7D-EA11B2C3500D}.Debug|x86.Build.0 = Debug|Any CPU
		{247F82AF-161E-4B1F-AC7D-EA11B2C3500D}.Release|Any CPU.ActiveCfg = Release|Any CPU
		{247F82AF-161E-4B1F-AC7D-EA11B2C3500D}.Release|Any CPU.Build.0 = Release|Any CPU
		{247F82AF-161E-4B1F-AC7D-EA11B2C3500D}.Release|ARM.ActiveCfg = Release|Any CPU
		{247F82AF-161E-4B1F-AC7D-EA11B2C3500D}.Release|ARM.Build.0 = Release|Any CPU
		{247F82AF-161E-4B1F-AC7D-EA11B2C3500D}.Release|x64.ActiveCfg = Release|Any CPU
		{247F82AF-161E-4B1F-AC7D-EA11B2C3500D}.Release|x64.Build.0 = Release|Any CPU
		{247F82AF-161E-4B1F-AC7D-EA11B2C3500D}.Release|x86.ActiveCfg = Release|Any CPU
		{247F82AF-161E-4B1F-AC7D-EA11B2C3500D}.Release|x86.Build.0 = Release|Any CPU
		{969BB247-0779-4333-AC10-F69FCAB3EF26}.Debug|Any CPU.ActiveCfg = Debug|Any CPU
		{969BB247-0779-4333-AC10-F69FCAB3EF26}.Debug|Any CPU.Build.0 = Debug|Any CPU
		{969BB247-0779-4333-AC10-F69FCAB3EF26}.Debug|ARM.ActiveCfg = Debug|Any CPU
		{969BB247-0779-4333-AC10-F69FCAB3EF26}.Debug|ARM.Build.0 = Debug|Any CPU
		{969BB247-0779-4333-AC10-F69FCAB3EF26}.Debug|x64.ActiveCfg = Debug|Any CPU
		{969BB247-0779-4333-AC10-F69FCAB3EF26}.Debug|x64.Build.0 = Debug|Any CPU
		{969BB247-0779-4333-AC10-F69FCAB3EF26}.Debug|x86.ActiveCfg = Debug|Any CPU
		{969BB247-0779-4333-AC10-F69FCAB3EF26}.Debug|x86.Build.0 = Debug|Any CPU
		{969BB247-0779-4333-AC10-F69FCAB3EF26}.Release|Any CPU.ActiveCfg = Release|Any CPU
		{969BB247-0779-4333-AC10-F69FCAB3EF26}.Release|Any CPU.Build.0 = Release|Any CPU
		{969BB247-0779-4333-AC10-F69FCAB3EF26}.Release|ARM.ActiveCfg = Release|Any CPU
		{969BB247-0779-4333-AC10-F69FCAB3EF26}.Release|ARM.Build.0 = Release|Any CPU
		{969BB247-0779-4333-AC10-F69FCAB3EF26}.Release|x64.ActiveCfg = Release|Any CPU
		{969BB247-0779-4333-AC10-F69FCAB3EF26}.Release|x64.Build.0 = Release|Any CPU
		{969BB247-0779-4333-AC10-F69FCAB3EF26}.Release|x86.ActiveCfg = Release|Any CPU
		{969BB247-0779-4333-AC10-F69FCAB3EF26}.Release|x86.Build.0 = Release|Any CPU
		{BC1DFBC4-DC63-42D4-8EC9-9809CE215AC7}.Debug|Any CPU.ActiveCfg = Debug|x86
		{BC1DFBC4-DC63-42D4-8EC9-9809CE215AC7}.Debug|ARM.ActiveCfg = Debug|ARM
		{BC1DFBC4-DC63-42D4-8EC9-9809CE215AC7}.Debug|ARM.Build.0 = Debug|ARM
		{BC1DFBC4-DC63-42D4-8EC9-9809CE215AC7}.Debug|ARM.Deploy.0 = Debug|ARM
		{BC1DFBC4-DC63-42D4-8EC9-9809CE215AC7}.Debug|x64.ActiveCfg = Debug|x64
		{BC1DFBC4-DC63-42D4-8EC9-9809CE215AC7}.Debug|x64.Build.0 = Debug|x64
		{BC1DFBC4-DC63-42D4-8EC9-9809CE215AC7}.Debug|x64.Deploy.0 = Debug|x64
		{BC1DFBC4-DC63-42D4-8EC9-9809CE215AC7}.Debug|x86.ActiveCfg = Debug|x86
		{BC1DFBC4-DC63-42D4-8EC9-9809CE215AC7}.Debug|x86.Build.0 = Debug|x86
		{BC1DFBC4-DC63-42D4-8EC9-9809CE215AC7}.Debug|x86.Deploy.0 = Debug|x86
		{BC1DFBC4-DC63-42D4-8EC9-9809CE215AC7}.Release|Any CPU.ActiveCfg = Release|x86
		{BC1DFBC4-DC63-42D4-8EC9-9809CE215AC7}.Release|ARM.ActiveCfg = Release|ARM
		{BC1DFBC4-DC63-42D4-8EC9-9809CE215AC7}.Release|ARM.Build.0 = Release|ARM
		{BC1DFBC4-DC63-42D4-8EC9-9809CE215AC7}.Release|ARM.Deploy.0 = Release|ARM
		{BC1DFBC4-DC63-42D4-8EC9-9809CE215AC7}.Release|x64.ActiveCfg = Release|x64
		{BC1DFBC4-DC63-42D4-8EC9-9809CE215AC7}.Release|x64.Build.0 = Release|x64
		{BC1DFBC4-DC63-42D4-8EC9-9809CE215AC7}.Release|x64.Deploy.0 = Release|x64
		{BC1DFBC4-DC63-42D4-8EC9-9809CE215AC7}.Release|x86.ActiveCfg = Release|x86
		{BC1DFBC4-DC63-42D4-8EC9-9809CE215AC7}.Release|x86.Build.0 = Release|x86
		{BC1DFBC4-DC63-42D4-8EC9-9809CE215AC7}.Release|x86.Deploy.0 = Release|x86
	EndGlobalSection
	GlobalSection(SolutionProperties) = preSolution
		HideSolutionNode = FALSE
	EndGlobalSection
	GlobalSection(ExtensibilityGlobals) = postSolution
		SolutionGuid = {14F33048-9776-4ED9-9980-AD514C4017C7}
	EndGlobalSection
EndGlobal
