
Microsoft Visual Studio Solution File, Format Version 12.00
# Visual Studio 15
VisualStudioVersion = 15.0.28307.168
MinimumVisualStudioVersion = 10.0.40219.1
Project("{9A19103F-16F7-4668-BE54-9A1E7A4F7556}") = "AzureFunctionsSample", "AzFunctionsSample\AzureFunctionsSample.csproj", "{B25AD01D-F3AC-4025-9A28-F91F48F94B01}"
EndProject
Global
	GlobalSection(SolutionConfigurationPlatforms) = preSolution
		Debug|Any CPU = Debug|Any CPU
		Release|Any CPU = Release|Any CPU
	EndGlobalSection
	GlobalSection(ProjectConfigurationPlatforms) = postSolution
		{B25AD01D-F3AC-4025-9A28-F91F48F94B01}.Debug|Any CPU.ActiveCfg = Debug|Any CPU
		{B25AD01D-F3AC-4025-9A28-F91F48F94B01}.Debug|Any CPU.Build.0 = Debug|Any CPU
		{B25AD01D-F3AC-4025-9A28-F91F48F94B01}.Release|Any CPU.ActiveCfg = Release|Any CPU
		{B25AD01D-F3AC-4025-9A28-F91F48F94B01}.Release|Any CPU.Build.0 = Release|Any CPU
	EndGlobalSection
	GlobalSection(SolutionProperties) = preSolution
		HideSolutionNode = FALSE
	EndGlobalSection
	GlobalSection(ExtensibilityGlobals) = postSolution
		SolutionGuid = {1D621209-BBE4-407E-B27B-6D0385F058A8}
	EndGlobalSection
EndGlobal
