
Microsoft Visual Studio Solution File, Format Version 12.00
# Visual Studio Version 16
VisualStudioVersion = 16.0.30503.244
MinimumVisualStudioVersion = 10.0.40219.1
Project("{9A19103F-16F7-4668-BE54-9A1E7A4F7556}") = "RedundantHubSample", "RedundantHubSample\RedundantHubSample.csproj", "{2DD5F78F-300B-401A-81FA-BB3D1DE69426}"
EndProject
Global
	GlobalSection(SolutionConfigurationPlatforms) = preSolution
		Debug|Any CPU = Debug|Any CPU
		Release|Any CPU = Release|Any CPU
	EndGlobalSection
	GlobalSection(ProjectConfigurationPlatforms) = postSolution
		{2DD5F78F-300B-401A-81FA-BB3D1DE69426}.Debug|Any CPU.ActiveCfg = Debug|Any CPU
		{2DD5F78F-300B-401A-81FA-BB3D1DE69426}.Debug|Any CPU.Build.0 = Debug|Any CPU
		{2DD5F78F-300B-401A-81FA-BB3D1DE69426}.Release|Any CPU.ActiveCfg = Release|Any CPU
		{2DD5F78F-300B-401A-81FA-BB3D1DE69426}.Release|Any CPU.Build.0 = Release|Any CPU
	EndGlobalSection
	GlobalSection(SolutionProperties) = preSolution
		HideSolutionNode = FALSE
	EndGlobalSection
	GlobalSection(ExtensibilityGlobals) = postSolution
		SolutionGuid = {A7006189-BD5F-44AE-8D02-182066FD4952}
	EndGlobalSection
EndGlobal
